{"1.2.0",
[{<<"erl_nbt">>,{pkg,<<"erl_nbt">>,<<"1.0.0">>},0},
 {<<"erlang_base62">>,{pkg,<<"erlang_base62">>,<<"1.0.1">>},0},
 {<<"jsone">>,{pkg,<<"jsone">>,<<"1.5.7">>},1},
 {<<"kube_dist">>,{pkg,<<"kube_dist">>,<<"0.0.2">>},0},
 {<<"ranch">>,{pkg,<<"ranch">>,<<"2.1.0">>},0}]}.
[
{pkg_hash,[
 {<<"erl_nbt">>, <<"927A02A100C8453FED4FE2B81404E80DBBC71356BB2D3160601F8958FD8B6731">>},
 {<<"erlang_base62">>, <<"E1F2CD02D098BF813296F6136B2BFBA34A9B729C02677591D79B99BE27426915">>},
 {<<"jsone">>, <<"036EC290BF3B2B3348B2EEC199A0FCDA62CE296AB6B736A403A6A440C5203618">>},
 {<<"kube_dist">>, <<"A17949C89CBDF9F0AE2DB6FFAC5DF796393224F2A425E964D4C5AA0230492B06">>},
 {<<"ranch">>, <<"2261F9ED9574DCFCC444106B9F6DA155E6E540B2F82BA3D42B339B93673B72A3">>}]},
{pkg_hash_ext,[
 {<<"erl_nbt">>, <<"664A016537E0E54BA11299246E4A1E4F89772ECC97B9C7FBF5DD7921A1F18012">>},
 {<<"erlang_base62">>, <<"D95BFBC2545E15A3CD27E20B33DD696BDB1522C3B00923B2C037BEB97F0A15CE">>},
 {<<"jsone">>, <<"5F146CBF953469667EEE145FB066D6EE6B9B181BCFD547295317526E7464D732">>},
 {<<"kube_dist">>, <<"20A48E2B1736DF73CD1E92D797F6B8DA25B0AD67BE6177C2DFC3EF3AD159896D">>},
 {<<"ranch">>, <<"244EE3FA2A6175270D8E1FC59024FD9DBC76294A321057DE8F803B1479E76916">>}]}
].
